Microsoft Visual Studio Solution File, Format Version 12.00
# Visual Studio Version 18
VisualStudioVersion = 18.6.11709.129
MinimumVisualStudioVersion = 10.0.40219.1
Project("{9A19103F-16F7-4668-BE54-9A1E7A4F7556}") = "Abstractions", "src\Abstractions\Abstractions.csproj", "{D16C74F7-E2F1-42C6-B8AE-35E96F0AEA0D}"
EndProject
Project("{9A19103F-16F7-4668-BE54-9A1E7A4F7556}") = "Abstractions.UnitTests", "tests\Abstractions.UnitTests\Abstractions.UnitTests.csproj", "{1A5FFD1A-8DC2-4013-9A9F-DDF80048638F}"
EndProject
Project("{2150E333-8FDC-42A3-9474-1A3956D46DE8}") = "Solution Folder", "Solution Folder", "{4F61F403-4674-487B-ABF4-EE50B96981C1}"
	ProjectSection(SolutionItems) = preProject
		.editorconfig = .editorconfig
		.gitattributes = .gitattributes
		.gitignore = .gitignore
		.github\workflows\ci.yml = .github\workflows\ci.yml
		.github\workflows\dependency-review.yml = .github\workflows\dependency-review.yml
		.github\workflows\publish-nuget.yml = .github\workflows\publish-nuget.yml
		Directory.Packages.props = Directory.Packages.props
		global.json = global.json
		LICENSE = LICENSE
		README.md = README.md
	EndProjectSection
EndProject
Project("{2150E333-8FDC-42A3-9474-1A3956D46DE8}") = "src", "src", "{DC4337D4-7797-44F7-AD1F-4A640A4E49D9}"
EndProject
Project("{2150E333-8FDC-42A3-9474-1A3956D46DE8}") = "tests", "tests", "{D196C703-6673-4DC9-84E9-BB492024AAD2}"
EndProject
Project("{2150E333-8FDC-42A3-9474-1A3956D46DE8}") = "samples", "samples", "{2C5AB38F-8197-4B93-AC0A-2182F5FAC5D3}"
EndProject
Project("{9A19103F-16F7-4668-BE54-9A1E7A4F7556}") = "Abstractions.Samples.Console", "samples\Abstractions.Samples.Console\Abstractions.Samples.Console.csproj", "{4C326625-998C-4C6A-BA6D-BEF5036C2C19}"
EndProject
Project("{2150E333-8FDC-42A3-9474-1A3956D46DE8}") = "benchmarks", "benchmarks", "{4F208057-661E-4B8F-AD0C-9F56F92C6B00}"
EndProject
Project("{9A19103F-16F7-4668-BE54-9A1E7A4F7556}") = "Abstractions.Benchmarks", "benchmarks\Abstractions.Benchmarks\Abstractions.Benchmarks.csproj", "{F3D7C437-D832-49FD-8064-6D6A27AAD7E4}"
EndProject
Global
	GlobalSection(SolutionConfigurationPlatforms) = preSolution
		Debug|Any CPU = Debug|Any CPU
		Release|Any CPU = Release|Any CPU
	EndGlobalSection
	GlobalSection(ProjectConfigurationPlatforms) = postSolution
		{D16C74F7-E2F1-42C6-B8AE-35E96F0AEA0D}.Debug|Any CPU.ActiveCfg = Debug|Any CPU
		{D16C74F7-E2F1-42C6-B8AE-35E96F0AEA0D}.Debug|Any CPU.Build.0 = Debug|Any CPU
		{D16C74F7-E2F1-42C6-B8AE-35E96F0AEA0D}.Release|Any CPU.ActiveCfg = Release|Any CPU
		{D16C74F7-E2F1-42C6-B8AE-35E96F0AEA0D}.Release|Any CPU.Build.0 = Release|Any CPU
		{1A5FFD1A-8DC2-4013-9A9F-DDF80048638F}.Debug|Any CPU.ActiveCfg = Debug|Any CPU
		{1A5FFD1A-8DC2-4013-9A9F-DDF80048638F}.Debug|Any CPU.Build.0 = Debug|Any CPU
		{1A5FFD1A-8DC2-4013-9A9F-DDF80048638F}.Release|Any CPU.ActiveCfg = Release|Any CPU
		{1A5FFD1A-8DC2-4013-9A9F-DDF80048638F}.Release|Any CPU.Build.0 = Release|Any CPU
		{4C326625-998C-4C6A-BA6D-BEF5036C2C19}.Debug|Any CPU.ActiveCfg = Debug|Any CPU
		{4C326625-998C-4C6A-BA6D-BEF5036C2C19}.Debug|Any CPU.Build.0 = Debug|Any CPU
		{4C326625-998C-4C6A-BA6D-BEF5036C2C19}.Release|Any CPU.ActiveCfg = Release|Any CPU
		{4C326625-998C-4C6A-BA6D-BEF5036C2C19}.Release|Any CPU.Build.0 = Release|Any CPU
		{F3D7C437-D832-49FD-8064-6D6A27AAD7E4}.Debug|Any CPU.ActiveCfg = Debug|Any CPU
		{F3D7C437-D832-49FD-8064-6D6A27AAD7E4}.Debug|Any CPU.Build.0 = Debug|Any CPU
		{F3D7C437-D832-49FD-8064-6D6A27AAD7E4}.Release|Any CPU.ActiveCfg = Release|Any CPU
		{F3D7C437-D832-49FD-8064-6D6A27AAD7E4}.Release|Any CPU.Build.0 = Release|Any CPU
	EndGlobalSection
	GlobalSection(SolutionProperties) = preSolution
		HideSolutionNode = FALSE
	EndGlobalSection
	GlobalSection(NestedProjects) = preSolution
		{D16C74F7-E2F1-42C6-B8AE-35E96F0AEA0D} = {DC4337D4-7797-44F7-AD1F-4A640A4E49D9}
		{1A5FFD1A-8DC2-4013-9A9F-DDF80048638F} = {D196C703-6673-4DC9-84E9-BB492024AAD2}
		{4C326625-998C-4C6A-BA6D-BEF5036C2C19} = {2C5AB38F-8197-4B93-AC0A-2182F5FAC5D3}
		{F3D7C437-D832-49FD-8064-6D6A27AAD7E4} = {4F208057-661E-4B8F-AD0C-9F56F92C6B00}
	EndGlobalSection
	GlobalSection(ExtensibilityGlobals) = postSolution
		SolutionGuid = {A0D81F12-9F47-4BB3-9198-2A60280EF478}
	EndGlobalSection
EndGlobal
